// !$*UTF8*$!
{
	archiveVersion = 1;
	classes = {
	};
	objectVersion = 55;
	objects = {

/* Begin PBXBuildFile section */
		B06339FB28CF9BC80044090C /* AppDelegate.swift in Sources */ = {isa = PBXBuildFile; fileRef = B06339FA28CF9BC80044090C /* AppDelegate.swift */; };
		B06339FD28CF9BC80044090C /* SceneDelegate.swift in Sources */ = {isa = PBXBuildFile; fileRef = B06339FC28CF9BC80044090C /* SceneDelegate.swift */; };
		B06339FF28CF9BC80044090C /* ViewController.swift in Sources */ = {isa = PBXBuildFile; fileRef = B06339FE28CF9BC80044090C /* ViewController.swift */; };
		B0633A0228CF9BC80044090C /* Main.storyboard in Resources */ = {isa = PBXBuildFile; fileRef = B0633A0028CF9BC80044090C /* Main.storyboard */; };
		B0633A0428CF9BC90044090C /* Assets.xcassets in Resources */ = {isa = PBXBuildFile; fileRef = B0633A0328CF9BC90044090C /* Assets.xcassets */; };
		B0633A0728CF9BC90044090C /* LaunchScreen.storyboard in Resources */ = {isa = PBXBuildFile; fileRef = B0633A0528CF9BC90044090C /* LaunchScreen.storyboard */; };
		B0633A1028CFAD8E0044090C /* PlayListModel.swift in Sources */ = {isa = PBXBuildFile; fileRef = B0633A0F28CFAD8E0044090C /* PlayListModel.swift */; };
		B0633A1228CFB7BE0044090C /* VideoModel.swift in Sources */ = {isa = PBXBuildFile; fileRef = B0633A1128CFB7BE0044090C /* VideoModel.swift */; };
		B0633A1428CFBF420044090C /* PlaylistItemsModel.swift in Sources */ = {isa = PBXBuildFile; fileRef = B0633A1328CFBF420044090C /* PlaylistItemsModel.swift */; };
		B0633A1628CFBF6A0044090C /* ChannelModel.swift in Sources */ = {isa = PBXBuildFile; fileRef = B0633A1528CFBF6A0044090C /* ChannelModel.swift */; };
		B0633A1928CFC0770044090C /* RootPageViewController.swift in Sources */ = {isa = PBXBuildFile; fileRef = B0633A1828CFC0770044090C /* RootPageViewController.swift */; };
		B0633A1B28CFC0A50044090C /* MainViewController.swift in Sources */ = {isa = PBXBuildFile; fileRef = B0633A1A28CFC0A50044090C /* MainViewController.swift */; };
		B0633A1F28CFC3340044090C /* HomeViewController.swift in Sources */ = {isa = PBXBuildFile; fileRef = B0633A1D28CFC3340044090C /* HomeViewController.swift */; };
		B0633A2028CFC3340044090C /* HomeViewController.xib in Resources */ = {isa = PBXBuildFile; fileRef = B0633A1E28CFC3340044090C /* HomeViewController.xib */; };
		B0633A2428CFC3610044090C /* VideosViewController.swift in Sources */ = {isa = PBXBuildFile; fileRef = B0633A2228CFC3610044090C /* VideosViewController.swift */; };
		B0633A2528CFC3610044090C /* VideosViewController.xib in Resources */ = {isa = PBXBuildFile; fileRef = B0633A2328CFC3610044090C /* VideosViewController.xib */; };
		B0633A2928CFC37D0044090C /* PlaylistViewController.swift in Sources */ = {isa = PBXBuildFile; fileRef = B0633A2728CFC37D0044090C /* PlaylistViewController.swift */; };
		B0633A2A28CFC37D0044090C /* PlaylistViewController.xib in Resources */ = {isa = PBXBuildFile; fileRef = B0633A2828CFC37D0044090C /* PlaylistViewController.xib */; };
		B0633A2E28CFC39A0044090C /* ChannelViewController.swift in Sources */ = {isa = PBXBuildFile; fileRef = B0633A2C28CFC39A0044090C /* ChannelViewController.swift */; };
		B0633A2F28CFC39A0044090C /* ChannelViewController.xib in Resources */ = {isa = PBXBuildFile; fileRef = B0633A2D28CFC39A0044090C /* ChannelViewController.xib */; };
		B0633A3328CFC3AE0044090C /* AboutViewController.swift in Sources */ = {isa = PBXBuildFile; fileRef = B0633A3128CFC3AE0044090C /* AboutViewController.swift */; };
		B0633A3428CFC3AE0044090C /* AboutViewController.xib in Resources */ = {isa = PBXBuildFile; fileRef = B0633A3228CFC3AE0044090C /* AboutViewController.xib */; };
		B0633A3728CFD3720044090C /* ServiceLayer.swift in Sources */ = {isa = PBXBuildFile; fileRef = B0633A3628CFD3720044090C /* ServiceLayer.swift */; };
		B0633A3928CFD3980044090C /* NetworkError.swift in Sources */ = {isa = PBXBuildFile; fileRef = B0633A3828CFD3980044090C /* NetworkError.swift */; };
		B0633A3B28CFD3AE0044090C /* RequestModel.swift in Sources */ = {isa = PBXBuildFile; fileRef = B0633A3A28CFD3AE0044090C /* RequestModel.swift */; };
		B0633A3E28CFD4040044090C /* Constants.swift in Sources */ = {isa = PBXBuildFile; fileRef = B0633A3D28CFD4040044090C /* Constants.swift */; };
		B0633A4428CFD7150044090C /* HomeProvider.swift in Sources */ = {isa = PBXBuildFile; fileRef = B0633A4328CFD7150044090C /* HomeProvider.swift */; };
		B0633A4628CFD9360044090C /* HomePresenter.swift in Sources */ = {isa = PBXBuildFile; fileRef = B0633A4528CFD9360044090C /* HomePresenter.swift */; };
/* End PBXBuildFile section */

/* Begin PBXFileReference section */
		B06339F728CF9BC80044090C /* YoutubeClone.app */ = {isa = PBXFileReference; explicitFileType = wrapper.application; includeInIndex = 0; path = YoutubeClone.app; sourceTree = BUILT_PRODUCTS_DIR; };
		B06339FA28CF9BC80044090C /* AppDelegate.swift */ = {isa = PBXFileReference; lastKnownFileType = sourcecode.swift; path = AppDelegate.swift; sourceTree = "<group>"; };
		B06339FC28CF9BC80044090C /* SceneDelegate.swift */ = {isa = PBXFileReference; lastKnownFileType = sourcecode.swift; path = SceneDelegate.swift; sourceTree = "<group>"; };
		B06339FE28CF9BC80044090C /* ViewController.swift */ = {isa = PBXFileReference; lastKnownFileType = sourcecode.swift; path = ViewController.swift; sourceTree = "<group>"; };
		B0633A0128CF9BC80044090C /* Base */ = {isa = PBXFileReference; lastKnownFileType = file.storyboard; name = Base; path = Base.lproj/Main.storyboard; sourceTree = "<group>"; };
		B0633A0328CF9BC90044090C /* Assets.xcassets */ = {isa = PBXFileReference; lastKnownFileType = folder.assetcatalog; path = Assets.xcassets; sourceTree = "<group>"; };
		B0633A0628CF9BC90044090C /* Base */ = {isa = PBXFileReference; lastKnownFileType = file.storyboard; name = Base; path = Base.lproj/LaunchScreen.storyboard; sourceTree = "<group>"; };
		B0633A0828CF9BC90044090C /* Info.plist */ = {isa = PBXFileReference; lastKnownFileType = text.plist.xml; path = Info.plist; sourceTree = "<group>"; };
		B0633A0F28CFAD8E0044090C /* PlayListModel.swift */ = {isa = PBXFileReference; lastKnownFileType = sourcecode.swift; path = PlayListModel.swift; sourceTree = "<group>"; };
		B0633A1128CFB7BE0044090C /* VideoModel.swift */ = {isa = PBXFileReference; lastKnownFileType = sourcecode.swift; path = VideoModel.swift; sourceTree = "<group>"; };
		B0633A1328CFBF420044090C /* PlaylistItemsModel.swift */ = {isa = PBXFileReference; lastKnownFileType = sourcecode.swift; path = PlaylistItemsModel.swift; sourceTree = "<group>"; };
		B0633A1528CFBF6A0044090C /* ChannelModel.swift */ = {isa = PBXFileReference; lastKnownFileType = sourcecode.swift; path = ChannelModel.swift; sourceTree = "<group>"; };
		B0633A1828CFC0770044090C /* RootPageViewController.swift */ = {isa = PBXFileReference; lastKnownFileType = sourcecode.swift; path = RootPageViewController.swift; sourceTree = "<group>"; };
		B0633A1A28CFC0A50044090C /* MainViewController.swift */ = {isa = PBXFileReference; lastKnownFileType = sourcecode.swift; path = MainViewController.swift; sourceTree = "<group>"; };
		B0633A1D28CFC3340044090C /* HomeViewController.swift */ = {isa = PBXFileReference; lastKnownFileType = sourcecode.swift; path = HomeViewController.swift; sourceTree = "<group>"; };
		B0633A1E28CFC3340044090C /* HomeViewController.xib */ = {isa = PBXFileReference; lastKnownFileType = file.xib; path = HomeViewController.xib; sourceTree = "<group>"; };
		B0633A2228CFC3610044090C /* VideosViewController.swift */ = {isa = PBXFileReference; lastKnownFileType = sourcecode.swift; path = VideosViewController.swift; sourceTree = "<group>"; };
		B0633A2328CFC3610044090C /* VideosViewController.xib */ = {isa = PBXFileReference; lastKnownFileType = file.xib; path = VideosViewController.xib; sourceTree = "<group>"; };
		B0633A2728CFC37D0044090C /* PlaylistViewController.swift */ = {isa = PBXFileReference; lastKnownFileType = sourcecode.swift; path = PlaylistViewController.swift; sourceTree = "<group>"; };
		B0633A2828CFC37D0044090C /* PlaylistViewController.xib */ = {isa = PBXFileReference; lastKnownFileType = file.xib; path = PlaylistViewController.xib; sourceTree = "<group>"; };
		B0633A2C28CFC39A0044090C /* ChannelViewController.swift */ = {isa = PBXFileReference; lastKnownFileType = sourcecode.swift; path = ChannelViewController.swift; sourceTree = "<group>"; };
		B0633A2D28CFC39A0044090C /* ChannelViewController.xib */ = {isa = PBXFileReference; lastKnownFileType = file.xib; path = ChannelViewController.xib; sourceTree = "<group>"; };
		B0633A3128CFC3AE0044090C /* AboutViewController.swift */ = {isa = PBXFileReference; lastKnownFileType = sourcecode.swift; path = AboutViewController.swift; sourceTree = "<group>"; };
		B0633A3228CFC3AE0044090C /* AboutViewController.xib */ = {isa = PBXFileReference; lastKnownFileType = file.xib; path = AboutViewController.xib; sourceTree = "<group>"; };
		B0633A3628CFD3720044090C /* ServiceLayer.swift */ = {isa = PBXFileReference; lastKnownFileType = sourcecode.swift; path = ServiceLayer.swift; sourceTree = "<group>"; };
		B0633A3828CFD3980044090C /* NetworkError.swift */ = {isa = PBXFileReference; lastKnownFileType = sourcecode.swift; path = NetworkError.swift; sourceTree = "<group>"; };
		B0633A3A28CFD3AE0044090C /* RequestModel.swift */ = {isa = PBXFileReference; lastKnownFileType = sourcecode.swift; path = RequestModel.swift; sourceTree = "<group>"; };
		B0633A3D28CFD4040044090C /* Constants.swift */ = {isa = PBXFileReference; lastKnownFileType = sourcecode.swift; path = Constants.swift; sourceTree = "<group>"; };
		B0633A4328CFD7150044090C /* HomeProvider.swift */ = {isa = PBXFileReference; lastKnownFileType = sourcecode.swift; path = HomeProvider.swift; sourceTree = "<group>"; };
		B0633A4528CFD9360044090C /* HomePresenter.swift */ = {isa = PBXFileReference; lastKnownFileType = sourcecode.swift; path = HomePresenter.swift; sourceTree = "<group>"; };
/* End PBXFileReference section */

/* Begin PBXFrameworksBuildPhase section */
		B06339F428CF9BC80044090C /* Frameworks */ = {
			isa = PBXFrameworksBuildPhase;
			buildActionMask = 2147483647;
			files = (
			);
			runOnlyForDeploymentPostprocessing = 0;
		};
/* End PBXFrameworksBuildPhase section */

/* Begin PBXGroup section */
		B06339EE28CF9BC80044090C = {
			isa = PBXGroup;
			children = (
				B06339F928CF9BC80044090C /* YoutubeClone */,
				B06339F828CF9BC80044090C /* Products */,
			);
			sourceTree = "<group>";
		};
		B06339F828CF9BC80044090C /* Products */ = {
			isa = PBXGroup;
			children = (
				B06339F728CF9BC80044090C /* YoutubeClone.app */,
			);
			name = Products;
			sourceTree = "<group>";
		};
		B06339F928CF9BC80044090C /* YoutubeClone */ = {
			isa = PBXGroup;
			children = (
				B0633A3C28CFD3EA0044090C /* Utils */,
				B0633A3528CFD3320044090C /* ServiceLayer */,
				B0633A3028CFC39D0044090C /* About */,
				B0633A2B28CFC3860044090C /* Channel */,
				B0633A2628CFC3670044090C /* Playlist */,
				B0633A2128CFC3500044090C /* Videos */,
				B0633A1C28CFC2F90044090C /* Home */,
				B0633A1728CFC0330044090C /* Main */,
				B0633A0E28CFAD6B0044090C /* Model */,
				B06339FA28CF9BC80044090C /* AppDelegate.swift */,
				B06339FC28CF9BC80044090C /* SceneDelegate.swift */,
				B06339FE28CF9BC80044090C /* ViewController.swift */,
				B0633A0028CF9BC80044090C /* Main.storyboard */,
				B0633A0328CF9BC90044090C /* Assets.xcassets */,
				B0633A0528CF9BC90044090C /* LaunchScreen.storyboard */,
				B0633A0828CF9BC90044090C /* Info.plist */,
			);
			path = YoutubeClone;
			sourceTree = "<group>";
		};
		B0633A0E28CFAD6B0044090C /* Model */ = {
			isa = PBXGroup;
			children = (
				B0633A0F28CFAD8E0044090C /* PlayListModel.swift */,
				B0633A1128CFB7BE0044090C /* VideoModel.swift */,
				B0633A1328CFBF420044090C /* PlaylistItemsModel.swift */,
				B0633A1528CFBF6A0044090C /* ChannelModel.swift */,
			);
			path = Model;
			sourceTree = "<group>";
		};
		B0633A1728CFC0330044090C /* Main */ = {
			isa = PBXGroup;
			children = (
				B0633A1828CFC0770044090C /* RootPageViewController.swift */,
				B0633A1A28CFC0A50044090C /* MainViewController.swift */,
			);
			path = Main;
			sourceTree = "<group>";
		};
		B0633A1C28CFC2F90044090C /* Home */ = {
			isa = PBXGroup;
			children = (
				B0633A4128CFD6E90044090C /* Presenter */,
				B0633A4028CFD6DE0044090C /* View */,
				B0633A3F28CFD6D30044090C /* Model */,
			);
			path = Home;
			sourceTree = "<group>";
		};
		B0633A2128CFC3500044090C /* Videos */ = {
			isa = PBXGroup;
			children = (
				B0633A2228CFC3610044090C /* VideosViewController.swift */,
				B0633A2328CFC3610044090C /* VideosViewController.xib */,
			);
			path = Videos;
			sourceTree = "<group>";
		};
		B0633A2628CFC3670044090C /* Playlist */ = {
			isa = PBXGroup;
			children = (
				B0633A2728CFC37D0044090C /* PlaylistViewController.swift */,
				B0633A2828CFC37D0044090C /* PlaylistViewController.xib */,
			);
			path = Playlist;
			sourceTree = "<group>";
		};
		B0633A2B28CFC3860044090C /* Channel */ = {
			isa = PBXGroup;
			children = (
				B0633A2C28CFC39A0044090C /* ChannelViewController.swift */,
				B0633A2D28CFC39A0044090C /* ChannelViewController.xib */,
			);
			path = Channel;
			sourceTree = "<group>";
		};
		B0633A3028CFC39D0044090C /* About */ = {
			isa = PBXGroup;
			children = (
				B0633A3128CFC3AE0044090C /* AboutViewController.swift */,
				B0633A3228CFC3AE0044090C /* AboutViewController.xib */,
			);
			path = About;
			sourceTree = "<group>";
		};
		B0633A3528CFD3320044090C /* ServiceLayer */ = {
			isa = PBXGroup;
			children = (
				B0633A3628CFD3720044090C /* ServiceLayer.swift */,
				B0633A3828CFD3980044090C /* NetworkError.swift */,
				B0633A3A28CFD3AE0044090C /* RequestModel.swift */,
			);
			path = ServiceLayer;
			sourceTree = "<group>";
		};
		B0633A3C28CFD3EA0044090C /* Utils */ = {
			isa = PBXGroup;
			children = (
				B0633A3D28CFD4040044090C /* Constants.swift */,
			);
			path = Utils;
			sourceTree = "<group>";
		};
		B0633A3F28CFD6D30044090C /* Model */ = {
			isa = PBXGroup;
			children = (
				B0633A4228CFD7060044090C /* Provider */,
			);
			path = Model;
			sourceTree = "<group>";
		};
		B0633A4028CFD6DE0044090C /* View */ = {
			isa = PBXGroup;
			children = (
				B0633A1D28CFC3340044090C /* HomeViewController.swift */,
				B0633A1E28CFC3340044090C /* HomeViewController.xib */,
			);
			path = View;
			sourceTree = "<group>";
		};
		B0633A4128CFD6E90044090C /* Presenter */ = {
			isa = PBXGroup;
			children = (
				B0633A4528CFD9360044090C /* HomePresenter.swift */,
			);
			path = Presenter;
			sourceTree = "<group>";
		};
		B0633A4228CFD7060044090C /* Provider */ = {
			isa = PBXGroup;
			children = (
				B0633A4328CFD7150044090C /* HomeProvider.swift */,
			);
			path = Provider;
			sourceTree = "<group>";
		};
/* End PBXGroup section */

/* Begin PBXNativeTarget section */
		B06339F628CF9BC80044090C /* YoutubeClone */ = {
			isa = PBXNativeTarget;
			buildConfigurationList = B0633A0B28CF9BC90044090C /* Build configuration list for PBXNativeTarget "YoutubeClone" */;
			buildPhases = (
				B06339F328CF9BC80044090C /* Sources */,
				B06339F428CF9BC80044090C /* Frameworks */,
				B06339F528CF9BC80044090C /* Resources */,
			);
			buildRules = (
			);
			dependencies = (
			);
			name = YoutubeClone;
			productName = YoutubeClone;
			productReference = B06339F728CF9BC80044090C /* YoutubeClone.app */;
			productType = "com.apple.product-type.application";
		};
/* End PBXNativeTarget section */

/* Begin PBXProject section */
		B06339EF28CF9BC80044090C /* Project object */ = {
			isa = PBXProject;
			attributes = {
				BuildIndependentTargetsInParallel = 1;
				LastSwiftUpdateCheck = 1340;
				LastUpgradeCheck = 1340;
				TargetAttributes = {
					B06339F628CF9BC80044090C = {
						CreatedOnToolsVersion = 13.4.1;
					};
				};
			};
			buildConfigurationList = B06339F228CF9BC80044090C /* Build configuration list for PBXProject "YoutubeClone" */;
			compatibilityVersion = "Xcode 13.0";
			developmentRegion = en;
			hasScannedForEncodings = 0;
			knownRegions = (
				en,
				Base,
			);
			mainGroup = B06339EE28CF9BC80044090C;
			productRefGroup = B06339F828CF9BC80044090C /* Products */;
			projectDirPath = "";
			projectRoot = "";
			targets = (
				B06339F628CF9BC80044090C /* YoutubeClone */,
			);
		};
/* End PBXProject section */

/* Begin PBXResourcesBuildPhase section */
		B06339F528CF9BC80044090C /* Resources */ = {
			isa = PBXResourcesBuildPhase;
			buildActionMask = 2147483647;
			files = (
				B0633A2A28CFC37D0044090C /* PlaylistViewController.xib in Resources */,
				B0633A0728CF9BC90044090C /* LaunchScreen.storyboard in Resources */,
				B0633A3428CFC3AE0044090C /* AboutViewController.xib in Resources */,
				B0633A0428CF9BC90044090C /* Assets.xcassets in Resources */,
				B0633A2528CFC3610044090C /* VideosViewController.xib in Resources */,
				B0633A0228CF9BC80044090C /* Main.storyboard in Resources */,
				B0633A2028CFC3340044090C /* HomeViewController.xib in Resources */,
				B0633A2F28CFC39A0044090C /* ChannelViewController.xib in Resources */,
			);
			runOnlyForDeploymentPostprocessing = 0;
		};
/* End PBXResourcesBuildPhase section */

/* Begin PBXSourcesBuildPhase section */
		B06339F328CF9BC80044090C /* Sources */ = {
			isa = PBXSourcesBuildPhase;
			buildActionMask = 2147483647;
			files = (
				B06339FF28CF9BC80044090C /* ViewController.swift in Sources */,
				B0633A3928CFD3980044090C /* NetworkError.swift in Sources */,
				B0633A1028CFAD8E0044090C /* PlayListModel.swift in Sources */,
				B0633A4628CFD9360044090C /* HomePresenter.swift in Sources */,
				B0633A2428CFC3610044090C /* VideosViewController.swift in Sources */,
				B0633A1428CFBF420044090C /* PlaylistItemsModel.swift in Sources */,
				B06339FB28CF9BC80044090C /* AppDelegate.swift in Sources */,
				B0633A3B28CFD3AE0044090C /* RequestModel.swift in Sources */,
				B0633A2E28CFC39A0044090C /* ChannelViewController.swift in Sources */,
				B0633A1228CFB7BE0044090C /* VideoModel.swift in Sources */,
				B0633A4428CFD7150044090C /* HomeProvider.swift in Sources */,
				B0633A1F28CFC3340044090C /* HomeViewController.swift in Sources */,
				B06339FD28CF9BC80044090C /* SceneDelegate.swift in Sources */,
				B0633A2928CFC37D0044090C /* PlaylistViewController.swift in Sources */,
				B0633A3728CFD3720044090C /* ServiceLayer.swift in Sources */,
				B0633A3328CFC3AE0044090C /* AboutViewController.swift in Sources */,
				B0633A1B28CFC0A50044090C /* MainViewController.swift in Sources */,
				B0633A1628CFBF6A0044090C /* ChannelModel.swift in Sources */,
				B0633A1928CFC0770044090C /* RootPageViewController.swift in Sources */,
				B0633A3E28CFD4040044090C /* Constants.swift in Sources */,
			);
			runOnlyForDeploymentPostprocessing = 0;
		};
/* End PBXSourcesBuildPhase section */

/* Begin PBXVariantGroup section */
		B0633A0028CF9BC80044090C /* Main.storyboard */ = {
			isa = PBXVariantGroup;
			children = (
				B0633A0128CF9BC80044090C /* Base */,
			);
			name = Main.storyboard;
			sourceTree = "<group>";
		};
		B0633A0528CF9BC90044090C /* LaunchScreen.storyboard */ = {
			isa = PBXVariantGroup;
			children = (
				B0633A0628CF9BC90044090C /* Base */,
			);
			name = LaunchScreen.storyboard;
			sourceTree = "<group>";
		};
/* End PBXVariantGroup section */

/* Begin XCBuildConfiguration section */
		B0633A0928CF9BC90044090C /* Debug */ = {
			isa = XCBuildConfiguration;
			buildSettings = {
				ALWAYS_SEARCH_USER_PATHS = NO;
				CLANG_ANALYZER_NONNULL = YES;
				CLANG_ANALYZER_NUMBER_OBJECT_CONVERSION = YES_AGGRESSIVE;
				CLANG_CXX_LANGUAGE_STANDARD = "gnu++17";
				CLANG_ENABLE_MODULES = YES;
				CLANG_ENABLE_OBJC_ARC = YES;
				CLANG_ENABLE_OBJC_WEAK = YES;
				CLANG_WARN_BLOCK_CAPTURE_AUTORELEASING = YES;
				CLANG_WARN_BOOL_CONVERSION = YES;
				CLANG_WARN_COMMA = YES;
				CLANG_WARN_CONSTANT_CONVERSION = YES;
				CLANG_WARN_DEPRECATED_OBJC_IMPLEMENTATIONS = YES;
				CLANG_WARN_DIRECT_OBJC_ISA_USAGE = YES_ERROR;
				CLANG_WARN_DOCUMENTATION_COMMENTS = YES;
				CLANG_WARN_EMPTY_BODY = YES;
				CLANG_WARN_ENUM_CONVERSION = YES;
				CLANG_WARN_INFINITE_RECURSION = YES;
				CLANG_WARN_INT_CONVERSION = YES;
				CLANG_WARN_NON_LITERAL_NULL_CONVERSION = YES;
				CLANG_WARN_OBJC_IMPLICIT_RETAIN_SELF = YES;
				CLANG_WARN_OBJC_LITERAL_CONVERSION = YES;
				CLANG_WARN_OBJC_ROOT_CLASS = YES_ERROR;
				CLANG_WARN_QUOTED_INCLUDE_IN_FRAMEWORK_HEADER = YES;
				CLANG_WARN_RANGE_LOOP_ANALYSIS = YES;
				CLANG_WARN_STRICT_PROTOTYPES = YES;
				CLANG_WARN_SUSPICIOUS_MOVE = YES;
				CLANG_WARN_UNGUARDED_AVAILABILITY = YES_AGGRESSIVE;
				CLANG_WARN_UNREACHABLE_CODE = YES;
				CLANG_WARN__DUPLICATE_METHOD_MATCH = YES;
				COPY_PHASE_STRIP = NO;
				DEBUG_INFORMATION_FORMAT = dwarf;
				ENABLE_STRICT_OBJC_MSGSEND = YES;
				ENABLE_TESTABILITY = YES;
				GCC_C_LANGUAGE_STANDARD = gnu11;
				GCC_DYNAMIC_NO_PIC = NO;
				GCC_NO_COMMON_BLOCKS = YES;
				GCC_OPTIMIZATION_LEVEL = 0;
				GCC_PREPROCESSOR_DEFINITIONS = (
					"DEBUG=1",
					"$(inherited)",
				);
				GCC_WARN_64_TO_32_BIT_CONVERSION = YES;
				GCC_WARN_ABOUT_RETURN_TYPE = YES_ERROR;
				GCC_WARN_UNDECLARED_SELECTOR = YES;
				GCC_WARN_UNINITIALIZED_AUTOS = YES_AGGRESSIVE;
				GCC_WARN_UNUSED_FUNCTION = YES;
				GCC_WARN_UNUSED_VARIABLE = YES;
				IPHONEOS_DEPLOYMENT_TARGET = 15.5;
				MTL_ENABLE_DEBUG_INFO = INCLUDE_SOURCE;
				MTL_FAST_MATH = YES;
				ONLY_ACTIVE_ARCH = YES;
				SDKROOT = iphoneos;
				SWIFT_ACTIVE_COMPILATION_CONDITIONS = DEBUG;
				SWIFT_OPTIMIZATION_LEVEL = "-Onone";
			};
			name = Debug;
		};
		B0633A0A28CF9BC90044090C /* Release */ = {
			isa = XCBuildConfiguration;
			buildSettings = {
				ALWAYS_SEARCH_USER_PATHS = NO;
				CLANG_ANALYZER_NONNULL = YES;
				CLANG_ANALYZER_NUMBER_OBJECT_CONVERSION = YES_AGGRESSIVE;
				CLANG_CXX_LANGUAGE_STANDARD = "gnu++17";
				CLANG_ENABLE_MODULES = YES;
				CLANG_ENABLE_OBJC_ARC = YES;
				CLANG_ENABLE_OBJC_WEAK = YES;
				CLANG_WARN_BLOCK_CAPTURE_AUTORELEASING = YES;
				CLANG_WARN_BOOL_CONVERSION = YES;
				CLANG_WARN_COMMA = YES;
				CLANG_WARN_CONSTANT_CONVERSION = YES;
				CLANG_WARN_DEPRECATED_OBJC_IMPLEMENTATIONS = YES;
				CLANG_WARN_DIRECT_OBJC_ISA_USAGE = YES_ERROR;
				CLANG_WARN_DOCUMENTATION_COMMENTS = YES;
				CLANG_WARN_EMPTY_BODY = YES;
				CLANG_WARN_ENUM_CONVERSION = YES;
				CLANG_WARN_INFINITE_RECURSION = YES;
				CLANG_WARN_INT_CONVERSION = YES;
				CLANG_WARN_NON_LITERAL_NULL_CONVERSION = YES;
				CLANG_WARN_OBJC_IMPLICIT_RETAIN_SELF = YES;
				CLANG_WARN_OBJC_LITERAL_CONVERSION = YES;
				CLANG_WARN_OBJC_ROOT_CLASS = YES_ERROR;
				CLANG_WARN_QUOTED_INCLUDE_IN_FRAMEWORK_HEADER = YES;
				CLANG_WARN_RANGE_LOOP_ANALYSIS = YES;
				CLANG_WARN_STRICT_PROTOTYPES = YES;
				CLANG_WARN_SUSPICIOUS_MOVE = YES;
				CLANG_WARN_UNGUARDED_AVAILABILITY = YES_AGGRESSIVE;
				CLANG_WARN_UNREACHABLE_CODE = YES;
				CLANG_WARN__DUPLICATE_METHOD_MATCH = YES;
				COPY_PHASE_STRIP = NO;
				DEBUG_INFORMATION_FORMAT = "dwarf-with-dsym";
				ENABLE_NS_ASSERTIONS = NO;
				ENABLE_STRICT_OBJC_MSGSEND = YES;
				GCC_C_LANGUAGE_STANDARD = gnu11;
				GCC_NO_COMMON_BLOCKS = YES;
				GCC_WARN_64_TO_32_BIT_CONVERSION = YES;
				GCC_WARN_ABOUT_RETURN_TYPE = YES_ERROR;
				GCC_WARN_UNDECLARED_SELECTOR = YES;
				GCC_WARN_UNINITIALIZED_AUTOS = YES_AGGRESSIVE;
				GCC_WARN_UNUSED_FUNCTION = YES;
				GCC_WARN_UNUSED_VARIABLE = YES;
				IPHONEOS_DEPLOYMENT_TARGET = 15.5;
				MTL_ENABLE_DEBUG_INFO = NO;
				MTL_FAST_MATH = YES;
				SDKROOT = iphoneos;
				SWIFT_COMPILATION_MODE = wholemodule;
				SWIFT_OPTIMIZATION_LEVEL = "-O";
				VALIDATE_PRODUCT = YES;
			};
			name = Release;
		};
		B0633A0C28CF9BC90044090C /* Debug */ = {
			isa = XCBuildConfiguration;
			buildSettings = {
				ASSETCATALOG_COMPILER_APPICON_NAME = AppIcon;
				ASSETCATALOG_COMPILER_GLOBAL_ACCENT_COLOR_NAME = AccentColor;
				CODE_SIGN_STYLE = Automatic;
				CURRENT_PROJECT_VERSION = 1;
				GENERATE_INFOPLIST_FILE = YES;
				INFOPLIST_FILE = YoutubeClone/Info.plist;
				INFOPLIST_KEY_UIApplicationSupportsIndirectInputEvents = YES;
				INFOPLIST_KEY_UILaunchStoryboardName = LaunchScreen;
				INFOPLIST_KEY_UIMainStoryboardFile = Main;
				INFOPLIST_KEY_UISupportedInterfaceOrientations_iPad = "UIInterfaceOrientationPortrait UIInterfaceOrientationPortraitUpsideDown UIInterfaceOrientationLandscapeLeft UIInterfaceOrientationLandscapeRight";
				INFOPLIST_KEY_UISupportedInterfaceOrientations_iPhone = "UIInterfaceOrientationPortrait UIInterfaceOrientationLandscapeLeft UIInterfaceOrientationLandscapeRight";
				LD_RUNPATH_SEARCH_PATHS = (
					"$(inherited)",
					"@executable_path/Frameworks",
				);
				MARKETING_VERSION = 1.0;
				PRODUCT_BUNDLE_IDENTIFIER = co.leonardo.YoutubeClone;
				PRODUCT_NAME = "$(TARGET_NAME)";
				SWIFT_EMIT_LOC_STRINGS = YES;
				SWIFT_VERSION = 5.0;
				TARGETED_DEVICE_FAMILY = "1,2";
			};
			name = Debug;
		};
		B0633A0D28CF9BC90044090C /* Release */ = {
			isa = XCBuildConfiguration;
			buildSettings = {
				ASSETCATALOG_COMPILER_APPICON_NAME = AppIcon;
				ASSETCATALOG_COMPILER_GLOBAL_ACCENT_COLOR_NAME = AccentColor;
				CODE_SIGN_STYLE = Automatic;
				CURRENT_PROJECT_VERSION = 1;
				GENERATE_INFOPLIST_FILE = YES;
				INFOPLIST_FILE = YoutubeClone/Info.plist;
				INFOPLIST_KEY_UIApplicationSupportsIndirectInputEvents = YES;
				INFOPLIST_KEY_UILaunchStoryboardName = LaunchScreen;
				INFOPLIST_KEY_UIMainStoryboardFile = Main;
				INFOPLIST_KEY_UISupportedInterfaceOrientations_iPad = "UIInterfaceOrientationPortrait UIInterfaceOrientationPortraitUpsideDown UIInterfaceOrientationLandscapeLeft UIInterfaceOrientationLandscapeRight";
				INFOPLIST_KEY_UISupportedInterfaceOrientations_iPhone = "UIInterfaceOrientationPortrait UIInterfaceOrientationLandscapeLeft UIInterfaceOrientationLandscapeRight";
				LD_RUNPATH_SEARCH_PATHS = (
					"$(inherited)",
					"@executable_path/Frameworks",
				);
				MARKETING_VERSION = 1.0;
				PRODUCT_BUNDLE_IDENTIFIER = co.leonardo.YoutubeClone;
				PRODUCT_NAME = "$(TARGET_NAME)";
				SWIFT_EMIT_LOC_STRINGS = YES;
				SWIFT_VERSION = 5.0;
				TARGETED_DEVICE_FAMILY = "1,2";
			};
			name = Release;
		};
/* End XCBuildConfiguration section */

/* Begin XCConfigurationList section */
		B06339F228CF9BC80044090C /* Build configuration list for PBXProject "YoutubeClone" */ = {
			isa = XCConfigurationList;
			buildConfigurations = (
				B0633A0928CF9BC90044090C /* Debug */,
				B0633A0A28CF9BC90044090C /* Release */,
			);
			defaultConfigurationIsVisible = 0;
			defaultConfigurationName = Release;
		};
		B0633A0B28CF9BC90044090C /* Build configuration list for PBXNativeTarget "YoutubeClone" */ = {
			isa = XCConfigurationList;
			buildConfigurations = (
				B0633A0C28CF9BC90044090C /* Debug */,
				B0633A0D28CF9BC90044090C /* Release */,
			);
			defaultConfigurationIsVisible = 0;
			defaultConfigurationName = Release;
		};
/* End XCConfigurationList section */
	};
	rootObject = B06339EF28CF9BC80044090C /* Project object */;
}
